// !$*UTF8*$!
{
	archiveVersion = 1;
	classes = {
	};
	objectVersion = 55;
	objects = {

/* Begin PBXBuildFile section */
		509B708327B65A360056BB51 /* coins.mp3 in Resources */ = {isa = PBXBuildFile; fileRef = 509B708027B65A360056BB51 /* coins.mp3 */; };
		509B708427B65A360056BB51 /* lose.mp3 in Resources */ = {isa = PBXBuildFile; fileRef = 509B708127B65A360056BB51 /* lose.mp3 */; };
		509B708527B65A360056BB51 /* win.mp3 in Resources */ = {isa = PBXBuildFile; fileRef = 509B708227B65A360056BB51 /* win.mp3 */; };
		50BF554127B524BF00F23F3F /* AppDelegate.swift in Sources */ = {isa = PBXBuildFile; fileRef = 50BF554027B524BF00F23F3F /* AppDelegate.swift */; };
		50BF554327B524BF00F23F3F /* SceneDelegate.swift in Sources */ = {isa = PBXBuildFile; fileRef = 50BF554227B524BF00F23F3F /* SceneDelegate.swift */; };
		50BF554527B524BF00F23F3F /* ViewController.swift in Sources */ = {isa = PBXBuildFile; fileRef = 50BF554427B524BF00F23F3F /* ViewController.swift */; };
		50BF554827B524BF00F23F3F /* Main.storyboard in Resources */ = {isa = PBXBuildFile; fileRef = 50BF554627B524BF00F23F3F /* Main.storyboard */; };
		50BF554A27B524C000F23F3F /* Assets.xcassets in Resources */ = {isa = PBXBuildFile; fileRef = 50BF554927B524C000F23F3F /* Assets.xcassets */; };
		50BF554D27B524C000F23F3F /* LaunchScreen.storyboard in Resources */ = {isa = PBXBuildFile; fileRef = 50BF554B27B524C000F23F3F /* LaunchScreen.storyboard */; };
		50BF555827B5344B00F23F3F /* Story.swift in Sources */ = {isa = PBXBuildFile; fileRef = 50BF555727B5344B00F23F3F /* Story.swift */; };
		50BF555A27B5346B00F23F3F /* StoryBrain.swift in Sources */ = {isa = PBXBuildFile; fileRef = 50BF555927B5346B00F23F3F /* StoryBrain.swift */; };
		50BF556127B57F2400F23F3F /* music01.mp3 in Resources */ = {isa = PBXBuildFile; fileRef = 50BF556027B57F2400F23F3F /* music01.mp3 */; };
/* End PBXBuildFile section */

/* Begin PBXFileReference section */
		509B708027B65A360056BB51 /* coins.mp3 */ = {isa = PBXFileReference; lastKnownFileType = audio.mp3; path = coins.mp3; sourceTree = "<group>"; };
		509B708127B65A360056BB51 /* lose.mp3 */ = {isa = PBXFileReference; lastKnownFileType = audio.mp3; path = lose.mp3; sourceTree = "<group>"; };
		509B708227B65A360056BB51 /* win.mp3 */ = {isa = PBXFileReference; lastKnownFileType = audio.mp3; path = win.mp3; sourceTree = "<group>"; };
		50BF553D27B524BF00F23F3F /* DetectiveStory.app */ = {isa = PBXFileReference; explicitFileType = wrapper.application; includeInIndex = 0; path = DetectiveStory.app; sourceTree = BUILT_PRODUCTS_DIR; };
		50BF554027B524BF00F23F3F /* AppDelegate.swift */ = {isa = PBXFileReference; lastKnownFileType = sourcecode.swift; path = AppDelegate.swift; sourceTree = "<group>"; };
		50BF554227B524BF00F23F3F /* SceneDelegate.swift */ = {isa = PBXFileReference; lastKnownFileType = sourcecode.swift; path = SceneDelegate.swift; sourceTree = "<group>"; };
		50BF554427B524BF00F23F3F /* ViewController.swift */ = {isa = PBXFileReference; lastKnownFileType = sourcecode.swift; path = ViewController.swift; sourceTree = "<group>"; };
		50BF554727B524BF00F23F3F /* Base */ = {isa = PBXFileReference; lastKnownFileType = file.storyboard; name = Base; path = Base.lproj/Main.storyboard; sourceTree = "<group>"; };
		50BF554927B524C000F23F3F /* Assets.xcassets */ = {isa = PBXFileReference; lastKnownFileType = folder.assetcatalog; path = Assets.xcassets; sourceTree = "<group>"; };
		50BF554C27B524C000F23F3F /* Base */ = {isa = PBXFileReference; lastKnownFileType = file.storyboard; name = Base; path = Base.lproj/LaunchScreen.storyboard; sourceTree = "<group>"; };
		50BF554E27B524C000F23F3F /* Info.plist */ = {isa = PBXFileReference; lastKnownFileType = text.plist.xml; path = Info.plist; sourceTree = "<group>"; };
		50BF555727B5344B00F23F3F /* Story.swift */ = {isa = PBXFileReference; lastKnownFileType = sourcecode.swift; path = Story.swift; sourceTree = "<group>"; };
		50BF555927B5346B00F23F3F /* StoryBrain.swift */ = {isa = PBXFileReference; lastKnownFileType = sourcecode.swift; path = StoryBrain.swift; sourceTree = "<group>"; };
		50BF556027B57F2400F23F3F /* music01.mp3 */ = {isa = PBXFileReference; lastKnownFileType = audio.mp3; path = music01.mp3; sourceTree = "<group>"; };
/* End PBXFileReference section */

/* Begin PBXFrameworksBuildPhase section */
		50BF553A27B524BF00F23F3F /* Frameworks */ = {
			isa = PBXFrameworksBuildPhase;
			buildActionMask = 2147483647;
			files = (
			);
			runOnlyForDeploymentPostprocessing = 0;
		};
/* End PBXFrameworksBuildPhase section */

/* Begin PBXGroup section */
		50BF553427B524BF00F23F3F = {
			isa = PBXGroup;
			children = (
				50BF553F27B524BF00F23F3F /* DetectiveStory */,
				50BF553E27B524BF00F23F3F /* Products */,
			);
			sourceTree = "<group>";
		};
		50BF553E27B524BF00F23F3F /* Products */ = {
			isa = PBXGroup;
			children = (
				50BF553D27B524BF00F23F3F /* DetectiveStory.app */,
			);
			name = Products;
			sourceTree = "<group>";
		};
		50BF553F27B524BF00F23F3F /* DetectiveStory */ = {
			isa = PBXGroup;
			children = (
				50BF555B27B5347900F23F3F /* Model */,
				50BF554027B524BF00F23F3F /* AppDelegate.swift */,
				50BF554227B524BF00F23F3F /* SceneDelegate.swift */,
				50BF555527B5341100F23F3F /* Controller */,
				50BF555427B533F200F23F3F /* View */,
				50BF554927B524C000F23F3F /* Assets.xcassets */,
				50BF554B27B524C000F23F3F /* LaunchScreen.storyboard */,
				50BF554E27B524C000F23F3F /* Info.plist */,
				50BF556027B57F2400F23F3F /* music01.mp3 */,
				509B708027B65A360056BB51 /* coins.mp3 */,
				509B708127B65A360056BB51 /* lose.mp3 */,
				509B708227B65A360056BB51 /* win.mp3 */,
			);
			path = DetectiveStory;
			sourceTree = "<group>";
		};
		50BF555427B533F200F23F3F /* View */ = {
			isa = PBXGroup;
			children = (
				50BF554627B524BF00F23F3F /* Main.storyboard */,
			);
			path = View;
			sourceTree = "<group>";
		};
		50BF555527B5341100F23F3F /* Controller */ = {
			isa = PBXGroup;
			children = (
				50BF554427B524BF00F23F3F /* ViewController.swift */,
			);
			path = Controller;
			sourceTree = "<group>";
		};
		50BF555B27B5347900F23F3F /* Model */ = {
			isa = PBXGroup;
			children = (
				50BF555727B5344B00F23F3F /* Story.swift */,
				50BF555927B5346B00F23F3F /* StoryBrain.swift */,
			);
			path = Model;
			sourceTree = "<group>";
		};
/* End PBXGroup section */

/* Begin PBXNativeTarget section */
		50BF553C27B524BF00F23F3F /* DetectiveStory */ = {
			isa = PBXNativeTarget;
			buildConfigurationList = 50BF555127B524C000F23F3F /* Build configuration list for PBXNativeTarget "DetectiveStory" */;
			buildPhases = (
				50BF553927B524BF00F23F3F /* Sources */,
				50BF553A27B524BF00F23F3F /* Frameworks */,
				50BF553B27B524BF00F23F3F /* Resources */,
			);
			buildRules = (
			);
			dependencies = (
			);
			name = DetectiveStory;
			productName = DetectiveStory;
			productReference = 50BF553D27B524BF00F23F3F /* DetectiveStory.app */;
			productType = "com.apple.product-type.application";
		};
/* End PBXNativeTarget section */

/* Begin PBXProject section */
		50BF553527B524BF00F23F3F /* Project object */ = {
			isa = PBXProject;
			attributes = {
				BuildIndependentTargetsInParallel = 1;
				LastSwiftUpdateCheck = 1320;
				LastUpgradeCheck = 1320;
				TargetAttributes = {
					50BF553C27B524BF00F23F3F = {
						CreatedOnToolsVersion = 13.2.1;
					};
				};
			};
			buildConfigurationList = 50BF553827B524BF00F23F3F /* Build configuration list for PBXProject "DetectiveStory" */;
			compatibilityVersion = "Xcode 13.0";
			developmentRegion = en;
			hasScannedForEncodings = 0;
			knownRegions = (
				en,
				Base,
			);
			mainGroup = 50BF553427B524BF00F23F3F;
			productRefGroup = 50BF553E27B524BF00F23F3F /* Products */;
			projectDirPath = "";
			projectRoot = "";
			targets = (
				50BF553C27B524BF00F23F3F /* DetectiveStory */,
			);
		};
/* End PBXProject section */

/* Begin PBXResourcesBuildPhase section */
		50BF553B27B524BF00F23F3F /* Resources */ = {
			isa = PBXResourcesBuildPhase;
			buildActionMask = 2147483647;
			files = (
				509B708327B65A360056BB51 /* coins.mp3 in Resources */,
				50BF554D27B524C000F23F3F /* LaunchScreen.storyboard in Resources */,
				509B708527B65A360056BB51 /* win.mp3 in Resources */,
				50BF554A27B524C000F23F3F /* Assets.xcassets in Resources */,
				50BF554827B524BF00F23F3F /* Main.storyboard in Resources */,
				50BF556127B57F2400F23F3F /* music01.mp3 in Resources */,
				509B708427B65A360056BB51 /* lose.mp3 in Resources */,
			);
			runOnlyForDeploymentPostprocessing = 0;
		};
/* End PBXResourcesBuildPhase section */

/* Begin PBXSourcesBuildPhase section */
		50BF553927B524BF00F23F3F /* Sources */ = {
			isa = PBXSourcesBuildPhase;
			buildActionMask = 2147483647;
			files = (
				50BF555A27B5346B00F23F3F /* StoryBrain.swift in Sources */,
				50BF554527B524BF00F23F3F /* ViewController.swift in Sources */,
				50BF554127B524BF00F23F3F /* AppDelegate.swift in Sources */,
				50BF554327B524BF00F23F3F /* SceneDelegate.swift in Sources */,
				50BF555827B5344B00F23F3F /* Story.swift in Sources */,
			);
			runOnlyForDeploymentPostprocessing = 0;
		};
/* End PBXSourcesBuildPhase section */

/* Begin PBXVariantGroup section */
		50BF554627B524BF00F23F3F /* Main.storyboard */ = {
			isa = PBXVariantGroup;
			children = (
				50BF554727B524BF00F23F3F /* Base */,
			);
			name = Main.storyboard;
			sourceTree = "<group>";
		};
		50BF554B27B524C000F23F3F /* LaunchScreen.storyboard */ = {
			isa = PBXVariantGroup;
			children = (
				50BF554C27B524C000F23F3F /* Base */,
			);
			name = LaunchScreen.storyboard;
			sourceTree = "<group>";
		};
/* End PBXVariantGroup section */

/* Begin XCBuildConfiguration section */
		50BF554F27B524C000F23F3F /* Debug */ = {
			isa = XCBuildConfiguration;
			buildSettings = {
				ALWAYS_SEARCH_USER_PATHS = NO;
				CLANG_ANALYZER_NONNULL = YES;
				CLANG_ANALYZER_NUMBER_OBJECT_CONVERSION = YES_AGGRESSIVE;
				CLANG_CXX_LANGUAGE_STANDARD = "gnu++17";
				CLANG_CXX_LIBRARY = "libc++";
				CLANG_ENABLE_MODULES = YES;
				CLANG_ENABLE_OBJC_ARC = YES;
				CLANG_ENABLE_OBJC_WEAK = YES;
				CLANG_WARN_BLOCK_CAPTURE_AUTORELEASING = YES;
				CLANG_WARN_BOOL_CONVERSION = YES;
				CLANG_WARN_COMMA = YES;
				CLANG_WARN_CONSTANT_CONVERSION = YES;
				CLANG_WARN_DEPRECATED_OBJC_IMPLEMENTATIONS = YES;
				CLANG_WARN_DIRECT_OBJC_ISA_USAGE = YES_ERROR;
				CLANG_WARN_DOCUMENTATION_COMMENTS = YES;
				CLANG_WARN_EMPTY_BODY = YES;
				CLANG_WARN_ENUM_CONVERSION = YES;
				CLANG_WARN_INFINITE_RECURSION = YES;
				CLANG_WARN_INT_CONVERSION = YES;
				CLANG_WARN_NON_LITERAL_NULL_CONVERSION = YES;
				CLANG_WARN_OBJC_IMPLICIT_RETAIN_SELF = YES;
				CLANG_WARN_OBJC_LITERAL_CONVERSION = YES;
				CLANG_WARN_OBJC_ROOT_CLASS = YES_ERROR;
				CLANG_WARN_QUOTED_INCLUDE_IN_FRAMEWORK_HEADER = YES;
				CLANG_WARN_RANGE_LOOP_ANALYSIS = YES;
				CLANG_WARN_STRICT_PROTOTYPES = YES;
				CLANG_WARN_SUSPICIOUS_MOVE = YES;
				CLANG_WARN_UNGUARDED_AVAILABILITY = YES_AGGRESSIVE;
				CLANG_WARN_UNREACHABLE_CODE = YES;
				CLANG_WARN__DUPLICATE_METHOD_MATCH = YES;
				COPY_PHASE_STRIP = NO;
				DEBUG_INFORMATION_FORMAT = dwarf;
				ENABLE_STRICT_OBJC_MSGSEND = YES;
				ENABLE_TESTABILITY = YES;
				GCC_C_LANGUAGE_STANDARD = gnu11;
				GCC_DYNAMIC_NO_PIC = NO;
				GCC_NO_COMMON_BLOCKS = YES;
				GCC_OPTIMIZATION_LEVEL = 0;
				GCC_PREPROCESSOR_DEFINITIONS = (
					"DEBUG=1",
					"$(inherited)",
				);
				GCC_WARN_64_TO_32_BIT_CONVERSION = YES;
				GCC_WARN_ABOUT_RETURN_TYPE = YES_ERROR;
				GCC_WARN_UNDECLARED_SELECTOR = YES;
				GCC_WARN_UNINITIALIZED_AUTOS = YES_AGGRESSIVE;
				GCC_WARN_UNUSED_FUNCTION = YES;
				GCC_WARN_UNUSED_VARIABLE = YES;
				IPHONEOS_DEPLOYMENT_TARGET = 15.2;
				MTL_ENABLE_DEBUG_INFO = INCLUDE_SOURCE;
				MTL_FAST_MATH = YES;
				ONLY_ACTIVE_ARCH = YES;
				SDKROOT = iphoneos;
				SWIFT_ACTIVE_COMPILATION_CONDITIONS = DEBUG;
				SWIFT_OPTIMIZATION_LEVEL = "-Onone";
			};
			name = Debug;
		};
		50BF555027B524C000F23F3F /* Release */ = {
			isa = XCBuildConfiguration;
			buildSettings = {
				ALWAYS_SEARCH_USER_PATHS = NO;
				CLANG_ANALYZER_NONNULL = YES;
				CLANG_ANALYZER_NUMBER_OBJECT_CONVERSION = YES_AGGRESSIVE;
				CLANG_CXX_LANGUAGE_STANDARD = "gnu++17";
				CLANG_CXX_LIBRARY = "libc++";
				CLANG_ENABLE_MODULES = YES;
				CLANG_ENABLE_OBJC_ARC = YES;
				CLANG_ENABLE_OBJC_WEAK = YES;
				CLANG_WARN_BLOCK_CAPTURE_AUTORELEASING = YES;
				CLANG_WARN_BOOL_CONVERSION = YES;
				CLANG_WARN_COMMA = YES;
				CLANG_WARN_CONSTANT_CONVERSION = YES;
				CLANG_WARN_DEPRECATED_OBJC_IMPLEMENTATIONS = YES;
				CLANG_WARN_DIRECT_OBJC_ISA_USAGE = YES_ERROR;
				CLANG_WARN_DOCUMENTATION_COMMENTS = YES;
				CLANG_WARN_EMPTY_BODY = YES;
				CLANG_WARN_ENUM_CONVERSION = YES;
				CLANG_WARN_INFINITE_RECURSION = YES;
				CLANG_WARN_INT_CONVERSION = YES;
				CLANG_WARN_NON_LITERAL_NULL_CONVERSION = YES;
				CLANG_WARN_OBJC_IMPLICIT_RETAIN_SELF = YES;
				CLANG_WARN_OBJC_LITERAL_CONVERSION = YES;
				CLANG_WARN_OBJC_ROOT_CLASS = YES_ERROR;
				CLANG_WARN_QUOTED_INCLUDE_IN_FRAMEWORK_HEADER = YES;
				CLANG_WARN_RANGE_LOOP_ANALYSIS = YES;
				CLANG_WARN_STRICT_PROTOTYPES = YES;
				CLANG_WARN_SUSPICIOUS_MOVE = YES;
				CLANG_WARN_UNGUARDED_AVAILABILITY = YES_AGGRESSIVE;
				CLANG_WARN_UNREACHABLE_CODE = YES;
				CLANG_WARN__DUPLICATE_METHOD_MATCH = YES;
				COPY_PHASE_STRIP = NO;
				DEBUG_INFORMATION_FORMAT = "dwarf-with-dsym";
				ENABLE_NS_ASSERTIONS = NO;
				ENABLE_STRICT_OBJC_MSGSEND = YES;
				GCC_C_LANGUAGE_STANDARD = gnu11;
				GCC_NO_COMMON_BLOCKS = YES;
				GCC_WARN_64_TO_32_BIT_CONVERSION = YES;
				GCC_WARN_ABOUT_RETURN_TYPE = YES_ERROR;
				GCC_WARN_UNDECLARED_SELECTOR = YES;
				GCC_WARN_UNINITIALIZED_AUTOS = YES_AGGRESSIVE;
				GCC_WARN_UNUSED_FUNCTION = YES;
				GCC_WARN_UNUSED_VARIABLE = YES;
				IPHONEOS_DEPLOYMENT_TARGET = 15.2;
				MTL_ENABLE_DEBUG_INFO = NO;
				MTL_FAST_MATH = YES;
				SDKROOT = iphoneos;
				SWIFT_COMPILATION_MODE = wholemodule;
				SWIFT_OPTIMIZATION_LEVEL = "-O";
				VALIDATE_PRODUCT = YES;
			};
			name = Release;
		};
		50BF555227B524C000F23F3F /* Debug */ = {
			isa = XCBuildConfiguration;
			buildSettings = {
				ASSETCATALOG_COMPILER_APPICON_NAME = AppIcon;
				ASSETCATALOG_COMPILER_GLOBAL_ACCENT_COLOR_NAME = AccentColor;
				CODE_SIGN_STYLE = Automatic;
				CURRENT_PROJECT_VERSION = 1;
				DEVELOPMENT_TEAM = 4NJA5P22NV;
				GENERATE_INFOPLIST_FILE = YES;
				INFOPLIST_FILE = DetectiveStory/Info.plist;
				INFOPLIST_KEY_UIApplicationSupportsIndirectInputEvents = YES;
				INFOPLIST_KEY_UILaunchStoryboardName = LaunchScreen;
				INFOPLIST_KEY_UIMainStoryboardFile = Main;
				INFOPLIST_KEY_UISupportedInterfaceOrientations = UIInterfaceOrientationPortrait;
				INFOPLIST_KEY_UISupportedInterfaceOrientations_iPad = "UIInterfaceOrientationPortrait UIInterfaceOrientationPortraitUpsideDown UIInterfaceOrientationLandscapeLeft UIInterfaceOrientationLandscapeRight";
				INFOPLIST_KEY_UISupportedInterfaceOrientations_iPhone = "UIInterfaceOrientationPortrait UIInterfaceOrientationLandscapeLeft UIInterfaceOrientationLandscapeRight";
				LD_RUNPATH_SEARCH_PATHS = (
					"$(inherited)",
					"@executable_path/Frameworks",
				);
				MARKETING_VERSION = 1.0;
				PRODUCT_BUNDLE_IDENTIFIER = Max.DetectiveStory;
				PRODUCT_NAME = "$(TARGET_NAME)";
				SWIFT_EMIT_LOC_STRINGS = YES;
				SWIFT_VERSION = 5.0;
				TARGETED_DEVICE_FAMILY = 1;
			};
			name = Debug;
		};
		50BF555327B524C000F23F3F /* Release */ = {
			isa = XCBuildConfiguration;
			buildSettings = {
				ASSETCATALOG_COMPILER_APPICON_NAME = AppIcon;
				ASSETCATALOG_COMPILER_GLOBAL_ACCENT_COLOR_NAME = AccentColor;
				CODE_SIGN_STYLE = Automatic;
				CURRENT_PROJECT_VERSION = 1;
				DEVELOPMENT_TEAM = 4NJA5P22NV;
				GENERATE_INFOPLIST_FILE = YES;
				INFOPLIST_FILE = DetectiveStory/Info.plist;
				INFOPLIST_KEY_UIApplicationSupportsIndirectInputEvents = YES;
				INFOPLIST_KEY_UILaunchStoryboardName = LaunchScreen;
				INFOPLIST_KEY_UIMainStoryboardFile = Main;
				INFOPLIST_KEY_UISupportedInterfaceOrientations = UIInterfaceOrientationPortrait;
				INFOPLIST_KEY_UISupportedInterfaceOrientations_iPad = "UIInterfaceOrientationPortrait UIInterfaceOrientationPortraitUpsideDown UIInterfaceOrientationLandscapeLeft UIInterfaceOrientationLandscapeRight";
				INFOPLIST_KEY_UISupportedInterfaceOrientations_iPhone = "UIInterfaceOrientationPortrait UIInterfaceOrientationLandscapeLeft UIInterfaceOrientationLandscapeRight";
				LD_RUNPATH_SEARCH_PATHS = (
					"$(inherited)",
					"@executable_path/Frameworks",
				);
				MARKETING_VERSION = 1.0;
				PRODUCT_BUNDLE_IDENTIFIER = Max.DetectiveStory;
				PRODUCT_NAME = "$(TARGET_NAME)";
				SWIFT_EMIT_LOC_STRINGS = YES;
				SWIFT_VERSION = 5.0;
				TARGETED_DEVICE_FAMILY = 1;
			};
			name = Release;
		};
/* End XCBuildConfiguration section */

/* Begin XCConfigurationList section */
		50BF553827B524BF00F23F3F /* Build configuration list for PBXProject "DetectiveStory" */ = {
			isa = XCConfigurationList;
			buildConfigurations = (
				50BF554F27B524C000F23F3F /* Debug */,
				50BF555027B524C000F23F3F /* Release */,
			);
			defaultConfigurationIsVisible = 0;
			defaultConfigurationName = Release;
		};
		50BF555127B524C000F23F3F /* Build configuration list for PBXNativeTarget "DetectiveStory" */ = {
			isa = XCConfigurationList;
			buildConfigurations = (
				50BF555227B524C000F23F3F /* Debug */,
				50BF555327B524C000F23F3F /* Release */,
			);
			defaultConfigurationIsVisible = 0;
			defaultConfigurationName = Release;
		};
/* End XCConfigurationList section */
	};
	rootObject = 50BF553527B524BF00F23F3F /* Project object */;
}
